
Microsoft Visual Studio Solution File, Format Version 12.00
# Visual Studio 15
VisualStudioVersion = 15.0.28307.572
MinimumVisualStudioVersion = 10.0.40219.1
Project("{9A19103F-16F7-4668-BE54-9A1E7A4F7556}") = "CoreDome", "CoreDome\CoreDome.csproj", "{DB2945CE-DAF4-46E1-82D3-FEE1AF206B48}"
EndProject
Project("{9A19103F-16F7-4668-BE54-9A1E7A4F7556}") = "CoreDome.Model", "CoreDome.Model\CoreDome.Model.csproj", "{4FD2EBCE-A3EE-4B14-BAC5-E0DF478C633A}"
EndProject
Project("{FAE04EC0-301F-11D3-BF4B-00C04F79EFBC}") = "配置MVC和中间件", "配置MVC和中间件\配置MVC和中间件.csproj", "{C1CD13FA-7142-4018-9153-F73774C4B2E6}"
EndProject
Global
	GlobalSection(SolutionConfigurationPlatforms) = preSolution
		Debug|Any CPU = Debug|Any CPU
		Release|Any CPU = Release|Any CPU
	EndGlobalSection
	GlobalSection(ProjectConfigurationPlatforms) = postSolution
		{DB2945CE-DAF4-46E1-82D3-FEE1AF206B48}.Debug|Any CPU.ActiveCfg = Debug|Any CPU
		{DB2945CE-DAF4-46E1-82D3-FEE1AF206B48}.Debug|Any CPU.Build.0 = Debug|Any CPU
		{DB2945CE-DAF4-46E1-82D3-FEE1AF206B48}.Release|Any CPU.ActiveCfg = Release|Any CPU
		{DB2945CE-DAF4-46E1-82D3-FEE1AF206B48}.Release|Any CPU.Build.0 = Release|Any CPU
		{4FD2EBCE-A3EE-4B14-BAC5-E0DF478C633A}.Debug|Any CPU.ActiveCfg = Debug|Any CPU
		{4FD2EBCE-A3EE-4B14-BAC5-E0DF478C633A}.Debug|Any CPU.Build.0 = Debug|Any CPU
		{4FD2EBCE-A3EE-4B14-BAC5-E0DF478C633A}.Release|Any CPU.ActiveCfg = Release|Any CPU
		{4FD2EBCE-A3EE-4B14-BAC5-E0DF478C633A}.Release|Any CPU.Build.0 = Release|Any CPU
		{C1CD13FA-7142-4018-9153-F73774C4B2E6}.Debug|Any CPU.ActiveCfg = Debug|Any CPU
		{C1CD13FA-7142-4018-9153-F73774C4B2E6}.Debug|Any CPU.Build.0 = Debug|Any CPU
		{C1CD13FA-7142-4018-9153-F73774C4B2E6}.Release|Any CPU.ActiveCfg = Release|Any CPU
		{C1CD13FA-7142-4018-9153-F73774C4B2E6}.Release|Any CPU.Build.0 = Release|Any CPU
	EndGlobalSection
	GlobalSection(SolutionProperties) = preSolution
		HideSolutionNode = FALSE
	EndGlobalSection
	GlobalSection(ExtensibilityGlobals) = postSolution
		SolutionGuid = {F5AD2EB5-CA1F-4654-88C7-E5CC16D5FD41}
	EndGlobalSection
EndGlobal
