
Microsoft Visual Studio Solution File, Format Version 12.00
# Visual Studio 15
VisualStudioVersion = 15.0.28307.572
MinimumVisualStudioVersion = 10.0.40219.1
Project("{FAE04EC0-301F-11D3-BF4B-00C04F79EFBC}") = "EFDome", "EFDome\EFDome.csproj", "{51F2D2A6-B171-4BF0-AD43-0ABA31920AF2}"
EndProject
Project("{FAE04EC0-301F-11D3-BF4B-00C04F79EFBC}") = "ModelFirst", "ModelFirst\ModelFirst.csproj", "{07AD93C0-3DA5-4AC7-BDED-2FAAAFD4AE25}"
EndProject
Project("{FAE04EC0-301F-11D3-BF4B-00C04F79EFBC}") = "CodeFirst", "CodeFirst\CodeFirst.csproj", "{5BFFBB6A-2820-4C89-B1C4-73415E9BFF48}"
EndProject
Project("{FAE04EC0-301F-11D3-BF4B-00C04F79EFBC}") = "EF仓储模式", "EF仓储模式\EF仓储模式.csproj", "{FD2CADF6-359C-4089-8B99-F9249641F3B0}"
EndProject
Project("{FAE04EC0-301F-11D3-BF4B-00C04F79EFBC}") = "Linq基础", "Linq基础\Linq基础.csproj", "{86E39FAF-AFB0-4B42-A3D9-6F87B8A9B1A4}"
EndProject
Project("{FAE04EC0-301F-11D3-BF4B-00C04F79EFBC}") = "Linq在EF中的Lambda表达式方法", "Linq在EF中的Lambda表达式方法\Linq在EF中的Lambda表达式方法.csproj", "{D48FF846-4041-4877-AA4A-0ABBA4396700}"
EndProject
Project("{FAE04EC0-301F-11D3-BF4B-00C04F79EFBC}") = "ESQL与RSQL", "ESQL与RSQL\ESQL与RSQL.csproj", "{7451BB2D-939E-4095-8D9E-9BFA41A71916}"
EndProject
Project("{FAE04EC0-301F-11D3-BF4B-00C04F79EFBC}") = "分析EF中的transaction", "分析EF中的transaction\分析EF中的transaction.csproj", "{4AE47849-9FA2-4E2E-9C0E-2CA4ED32414E}"
EndProject
Global
	GlobalSection(SolutionConfigurationPlatforms) = preSolution
		Debug|Any CPU = Debug|Any CPU
		Release|Any CPU = Release|Any CPU
	EndGlobalSection
	GlobalSection(ProjectConfigurationPlatforms) = postSolution
		{51F2D2A6-B171-4BF0-AD43-0ABA31920AF2}.Debug|Any CPU.ActiveCfg = Debug|Any CPU
		{51F2D2A6-B171-4BF0-AD43-0ABA31920AF2}.Debug|Any CPU.Build.0 = Debug|Any CPU
		{51F2D2A6-B171-4BF0-AD43-0ABA31920AF2}.Release|Any CPU.ActiveCfg = Release|Any CPU
		{51F2D2A6-B171-4BF0-AD43-0ABA31920AF2}.Release|Any CPU.Build.0 = Release|Any CPU
		{07AD93C0-3DA5-4AC7-BDED-2FAAAFD4AE25}.Debug|Any CPU.ActiveCfg = Debug|Any CPU
		{07AD93C0-3DA5-4AC7-BDED-2FAAAFD4AE25}.Debug|Any CPU.Build.0 = Debug|Any CPU
		{07AD93C0-3DA5-4AC7-BDED-2FAAAFD4AE25}.Release|Any CPU.ActiveCfg = Release|Any CPU
		{07AD93C0-3DA5-4AC7-BDED-2FAAAFD4AE25}.Release|Any CPU.Build.0 = Release|Any CPU
		{5BFFBB6A-2820-4C89-B1C4-73415E9BFF48}.Debug|Any CPU.ActiveCfg = Debug|Any CPU
		{5BFFBB6A-2820-4C89-B1C4-73415E9BFF48}.Debug|Any CPU.Build.0 = Debug|Any CPU
		{5BFFBB6A-2820-4C89-B1C4-73415E9BFF48}.Release|Any CPU.ActiveCfg = Release|Any CPU
		{5BFFBB6A-2820-4C89-B1C4-73415E9BFF48}.Release|Any CPU.Build.0 = Release|Any CPU
		{FD2CADF6-359C-4089-8B99-F9249641F3B0}.Debug|Any CPU.ActiveCfg = Debug|Any CPU
		{FD2CADF6-359C-4089-8B99-F9249641F3B0}.Debug|Any CPU.Build.0 = Debug|Any CPU
		{FD2CADF6-359C-4089-8B99-F9249641F3B0}.Release|Any CPU.ActiveCfg = Release|Any CPU
		{FD2CADF6-359C-4089-8B99-F9249641F3B0}.Release|Any CPU.Build.0 = Release|Any CPU
		{86E39FAF-AFB0-4B42-A3D9-6F87B8A9B1A4}.Debug|Any CPU.ActiveCfg = Debug|Any CPU
		{86E39FAF-AFB0-4B42-A3D9-6F87B8A9B1A4}.Debug|Any CPU.Build.0 = Debug|Any CPU
		{86E39FAF-AFB0-4B42-A3D9-6F87B8A9B1A4}.Release|Any CPU.ActiveCfg = Release|Any CPU
		{86E39FAF-AFB0-4B42-A3D9-6F87B8A9B1A4}.Release|Any CPU.Build.0 = Release|Any CPU
		{D48FF846-4041-4877-AA4A-0ABBA4396700}.Debug|Any CPU.ActiveCfg = Debug|Any CPU
		{D48FF846-4041-4877-AA4A-0ABBA4396700}.Debug|Any CPU.Build.0 = Debug|Any CPU
		{D48FF846-4041-4877-AA4A-0ABBA4396700}.Release|Any CPU.ActiveCfg = Release|Any CPU
		{D48FF846-4041-4877-AA4A-0ABBA4396700}.Release|Any CPU.Build.0 = Release|Any CPU
		{7451BB2D-939E-4095-8D9E-9BFA41A71916}.Debug|Any CPU.ActiveCfg = Debug|Any CPU
		{7451BB2D-939E-4095-8D9E-9BFA41A71916}.Debug|Any CPU.Build.0 = Debug|Any CPU
		{7451BB2D-939E-4095-8D9E-9BFA41A71916}.Release|Any CPU.ActiveCfg = Release|Any CPU
		{7451BB2D-939E-4095-8D9E-9BFA41A71916}.Release|Any CPU.Build.0 = Release|Any CPU
		{4AE47849-9FA2-4E2E-9C0E-2CA4ED32414E}.Debug|Any CPU.ActiveCfg = Debug|Any CPU
		{4AE47849-9FA2-4E2E-9C0E-2CA4ED32414E}.Debug|Any CPU.Build.0 = Debug|Any CPU
		{4AE47849-9FA2-4E2E-9C0E-2CA4ED32414E}.Release|Any CPU.ActiveCfg = Release|Any CPU
		{4AE47849-9FA2-4E2E-9C0E-2CA4ED32414E}.Release|Any CPU.Build.0 = Release|Any CPU
	EndGlobalSection
	GlobalSection(SolutionProperties) = preSolution
		HideSolutionNode = FALSE
	EndGlobalSection
	GlobalSection(ExtensibilityGlobals) = postSolution
		SolutionGuid = {ABA8AA74-EB5F-429C-BCBE-6A109DBEE0B6}
	EndGlobalSection
EndGlobal
